
Microsoft Visual Studio Solution File, Format Version 12.00
# Visual Studio 15
VisualStudioVersion = 15.0.27428.2011
MinimumVisualStudioVersion = 10.0.40219.1
Project("{FAE04EC0-301F-11D3-BF4B-00C04F79EFBC}") = "Bath Bombs", "Bath Bombs\Bath Bombs.csproj", "{5EF350BB-CBDC-485B-AD92-4864B397EB53}"
EndProject
Global
	GlobalSection(SolutionConfigurationPlatforms) = preSolution
		Debug|Any CPU = Debug|Any CPU
		Release|Any CPU = Release|Any CPU
	EndGlobalSection
	GlobalSection(ProjectConfigurationPlatforms) = postSolution
		{5EF350BB-CBDC-485B-AD92-4864B397EB53}.Debug|Any CPU.ActiveCfg = Debug|Any CPU
		{5EF350BB-CBDC-485B-AD92-4864B397EB53}.Debug|Any CPU.Build.0 = Debug|Any CPU
		{5EF350BB-CBDC-485B-AD92-4864B397EB53}.Release|Any CPU.ActiveCfg = Release|Any CPU
		{5EF350BB-CBDC-485B-AD92-4864B397EB53}.Release|Any CPU.Build.0 = Release|Any CPU
	EndGlobalSection
	GlobalSection(SolutionProperties) = preSolution
		HideSolutionNode = FALSE
	EndGlobalSection
	GlobalSection(ExtensibilityGlobals) = postSolution
		SolutionGuid = {286209A0-33F9-4D53-9472-0E9E6AD768FD}
	EndGlobalSection
EndGlobal
